
Microsoft Visual Studio Solution File, Format Version 12.00
# Visual Studio Version 17
VisualStudioVersion = 17.14.36401.2 d17.14
MinimumVisualStudioVersion = 10.0.40219.1
Project("{FAE04EC0-301F-11D3-BF4B-00C04F79EFBC}") = "Roteiro4_POO", "Roteiro4_POO\Roteiro4_POO.csproj", "{3A3A5849-EC81-480A-A872-2FB56F8A2753}"
EndProject
Global
	GlobalSection(SolutionConfigurationPlatforms) = preSolution
		Debug|Any CPU = Debug|Any CPU
		Release|Any CPU = Release|Any CPU
	EndGlobalSection
	GlobalSection(ProjectConfigurationPlatforms) = postSolution
		{3A3A5849-EC81-480A-A872-2FB56F8A2753}.Debug|Any CPU.ActiveCfg = Debug|Any CPU
		{3A3A5849-EC81-480A-A872-2FB56F8A2753}.Debug|Any CPU.Build.0 = Debug|Any CPU
		{3A3A5849-EC81-480A-A872-2FB56F8A2753}.Release|Any CPU.ActiveCfg = Release|Any CPU
		{3A3A5849-EC81-480A-A872-2FB56F8A2753}.Release|Any CPU.Build.0 = Release|Any CPU
	EndGlobalSection
	GlobalSection(SolutionProperties) = preSolution
		HideSolutionNode = FALSE
	EndGlobalSection
	GlobalSection(ExtensibilityGlobals) = postSolution
		SolutionGuid = {66FD245B-E2AE-4A86-A6DF-576D97DBAEFF}
	EndGlobalSection
EndGlobal
