
Microsoft Visual Studio Solution File, Format Version 12.00
# Visual Studio Version 17
VisualStudioVersion = 17.14.36518.9 d17.14
MinimumVisualStudioVersion = 10.0.40219.1
Project("{FAE04EC0-301F-11D3-BF4B-00C04F79EFBC}") = "WinFormsApp1", "WinFormsApp1\WinFormsApp1.csproj", "{87EA74BB-1465-4364-8D79-C185FBAEE4B0}"
EndProject
Global
	GlobalSection(SolutionConfigurationPlatforms) = preSolution
		Debug|Any CPU = Debug|Any CPU
		Release|Any CPU = Release|Any CPU
	EndGlobalSection
	GlobalSection(ProjectConfigurationPlatforms) = postSolution
		{87EA74BB-1465-4364-8D79-C185FBAEE4B0}.Debug|Any CPU.ActiveCfg = Debug|Any CPU
		{87EA74BB-1465-4364-8D79-C185FBAEE4B0}.Debug|Any CPU.Build.0 = Debug|Any CPU
		{87EA74BB-1465-4364-8D79-C185FBAEE4B0}.Release|Any CPU.ActiveCfg = Release|Any CPU
		{87EA74BB-1465-4364-8D79-C185FBAEE4B0}.Release|Any CPU.Build.0 = Release|Any CPU
	EndGlobalSection
	GlobalSection(SolutionProperties) = preSolution
		HideSolutionNode = FALSE
	EndGlobalSection
	GlobalSection(ExtensibilityGlobals) = postSolution
		SolutionGuid = {F4499A24-CD31-4743-88BA-33FECC2A210C}
	EndGlobalSection
EndGlobal
