
Microsoft Visual Studio Solution File, Format Version 12.00
# Visual Studio Version 17
VisualStudioVersion = 17.14.36518.9 d17.14
MinimumVisualStudioVersion = 10.0.40219.1
Project("{FAE04EC0-301F-11D3-BF4B-00C04F79EFBC}") = "Exercicio3", "Exercicio3\Exercicio3.csproj", "{E11124A0-473E-4843-B365-2A218690B1AA}"
EndProject
Global
	GlobalSection(SolutionConfigurationPlatforms) = preSolution
		Debug|Any CPU = Debug|Any CPU
		Release|Any CPU = Release|Any CPU
	EndGlobalSection
	GlobalSection(ProjectConfigurationPlatforms) = postSolution
		{E11124A0-473E-4843-B365-2A218690B1AA}.Debug|Any CPU.ActiveCfg = Debug|Any CPU
		{E11124A0-473E-4843-B365-2A218690B1AA}.Debug|Any CPU.Build.0 = Debug|Any CPU
		{E11124A0-473E-4843-B365-2A218690B1AA}.Release|Any CPU.ActiveCfg = Release|Any CPU
		{E11124A0-473E-4843-B365-2A218690B1AA}.Release|Any CPU.Build.0 = Release|Any CPU
	EndGlobalSection
	GlobalSection(SolutionProperties) = preSolution
		HideSolutionNode = FALSE
	EndGlobalSection
	GlobalSection(ExtensibilityGlobals) = postSolution
		SolutionGuid = {66825FA7-A829-47BF-8CEE-3E7EB2C2CA69}
	EndGlobalSection
EndGlobal
