
Microsoft Visual Studio Solution File, Format Version 12.00
# Visual Studio Version 17
VisualStudioVersion = 17.14.36401.2 d17.14
MinimumVisualStudioVersion = 10.0.40219.1
Project("{FAE04EC0-301F-11D3-BF4B-00C04F79EFBC}") = "Exericio4", "Exericio4\Exericio4.csproj", "{E001B5AB-D4C7-4AE4-8D43-DA334DD5E350}"
EndProject
Global
	GlobalSection(SolutionConfigurationPlatforms) = preSolution
		Debug|Any CPU = Debug|Any CPU
		Release|Any CPU = Release|Any CPU
	EndGlobalSection
	GlobalSection(ProjectConfigurationPlatforms) = postSolution
		{E001B5AB-D4C7-4AE4-8D43-DA334DD5E350}.Debug|Any CPU.ActiveCfg = Debug|Any CPU
		{E001B5AB-D4C7-4AE4-8D43-DA334DD5E350}.Debug|Any CPU.Build.0 = Debug|Any CPU
		{E001B5AB-D4C7-4AE4-8D43-DA334DD5E350}.Release|Any CPU.ActiveCfg = Release|Any CPU
		{E001B5AB-D4C7-4AE4-8D43-DA334DD5E350}.Release|Any CPU.Build.0 = Release|Any CPU
	EndGlobalSection
	GlobalSection(SolutionProperties) = preSolution
		HideSolutionNode = FALSE
	EndGlobalSection
	GlobalSection(ExtensibilityGlobals) = postSolution
		SolutionGuid = {2754049B-24C2-40FA-93E7-54E1669C4A68}
	EndGlobalSection
EndGlobal
