
Microsoft Visual Studio Solution File, Format Version 12.00
# Visual Studio Version 17
VisualStudioVersion = 17.14.36518.9 d17.14
MinimumVisualStudioVersion = 10.0.40219.1
Project("{FAE04EC0-301F-11D3-BF4B-00C04F79EFBC}") = "Exercicio2", "Exercicio2\Exercicio2.csproj", "{065E5EBB-0A05-4750-A31E-54E6F8246E56}"
EndProject
Global
	GlobalSection(SolutionConfigurationPlatforms) = preSolution
		Debug|Any CPU = Debug|Any CPU
		Release|Any CPU = Release|Any CPU
	EndGlobalSection
	GlobalSection(ProjectConfigurationPlatforms) = postSolution
		{065E5EBB-0A05-4750-A31E-54E6F8246E56}.Debug|Any CPU.ActiveCfg = Debug|Any CPU
		{065E5EBB-0A05-4750-A31E-54E6F8246E56}.Debug|Any CPU.Build.0 = Debug|Any CPU
		{065E5EBB-0A05-4750-A31E-54E6F8246E56}.Release|Any CPU.ActiveCfg = Release|Any CPU
		{065E5EBB-0A05-4750-A31E-54E6F8246E56}.Release|Any CPU.Build.0 = Release|Any CPU
	EndGlobalSection
	GlobalSection(SolutionProperties) = preSolution
		HideSolutionNode = FALSE
	EndGlobalSection
	GlobalSection(ExtensibilityGlobals) = postSolution
		SolutionGuid = {830B5A01-976F-416D-B74A-E51F77FFBDA9}
	EndGlobalSection
EndGlobal
